
Microsoft Visual Studio Solution File, Format Version 12.00
# Visual Studio 15
VisualStudioVersion = 15.0.28307.572
MinimumVisualStudioVersion = 10.0.40219.1
Project("{FAE04EC0-301F-11D3-BF4B-00C04F79EFBC}") = "Boora_TCC_2019.Android", "Boora_TCC_2019\Boora_TCC_2019.Android\Boora_TCC_2019.Android.csproj", "{B6378842-F715-4BA9-B2BF-79BF1FBD6083}"
EndProject
Project("{FAE04EC0-301F-11D3-BF4B-00C04F79EFBC}") = "Boora_TCC_2019.iOS", "Boora_TCC_2019\Boora_TCC_2019.iOS\Boora_TCC_2019.iOS.csproj", "{6C904D7A-D6A0-4F62-BE16-8A2E7C58B6D5}"
EndProject
Project("{FAE04EC0-301F-11D3-BF4B-00C04F79EFBC}") = "Boora_TCC_2019.UWP", "Boora_TCC_2019\Boora_TCC_2019.UWP\Boora_TCC_2019.UWP.csproj", "{0419DE21-EB1D-48D6-B920-C2809183BADE}"
EndProject
Project("{9A19103F-16F7-4668-BE54-9A1E7A4F7556}") = "Boora_TCC_2019", "Boora_TCC_2019\Boora_TCC_2019\Boora_TCC_2019.csproj", "{EB6740E4-59DD-406F-B5DC-D800BBDE1A2A}"
EndProject
Project("{FAE04EC0-301F-11D3-BF4B-00C04F79EFBC}") = "Booraapp", "Booraapp\Booraapp.csproj", "{7E21CFE0-8067-4BC1-A350-3DF3DC65492C}"
EndProject
Global
	GlobalSection(SolutionConfigurationPlatforms) = preSolution
		Ad-Hoc|Any CPU = Ad-Hoc|Any CPU
		Ad-Hoc|ARM = Ad-Hoc|ARM
		Ad-Hoc|iPhone = Ad-Hoc|iPhone
		Ad-Hoc|iPhoneSimulator = Ad-Hoc|iPhoneSimulator
		Ad-Hoc|x64 = Ad-Hoc|x64
		Ad-Hoc|x86 = Ad-Hoc|x86
		AppStore|Any CPU = AppStore|Any CPU
		AppStore|ARM = AppStore|ARM
		AppStore|iPhone = AppStore|iPhone
		AppStore|iPhoneSimulator = AppStore|iPhoneSimulator
		AppStore|x64 = AppStore|x64
		AppStore|x86 = AppStore|x86
		Debug|Any CPU = Debug|Any CPU
		Debug|ARM = Debug|ARM
		Debug|iPhone = Debug|iPhone
		Debug|iPhoneSimulator = Debug|iPhoneSimulator
		Debug|x64 = Debug|x64
		Debug|x86 = Debug|x86
		Release|Any CPU = Release|Any CPU
		Release|ARM = Release|ARM
		Release|iPhone = Release|iPhone
		Release|iPhoneSimulator = Release|iPhoneSimulator
		Release|x64 = Release|x64
		Release|x86 = Release|x86
	EndGlobalSection
	GlobalSection(ProjectConfigurationPlatforms) = postSolution
		{B6378842-F715-4BA9-B2BF-79BF1FBD6083}.Ad-Hoc|Any CPU.ActiveCfg = Release|Any CPU
		{B6378842-F715-4BA9-B2BF-79BF1FBD6083}.Ad-Hoc|Any CPU.Build.0 = Release|Any CPU
		{B6378842-F715-4BA9-B2BF-79BF1FBD6083}.Ad-Hoc|Any CPU.Deploy.0 = Release|Any CPU
		{B6378842-F715-4BA9-B2BF-79BF1FBD6083}.Ad-Hoc|ARM.ActiveCfg = Release|Any CPU
		{B6378842-F715-4BA9-B2BF-79BF1FBD6083}.Ad-Hoc|ARM.Build.0 = Release|Any CPU
		{B6378842-F715-4BA9-B2BF-79BF1FBD6083}.Ad-Hoc|ARM.Deploy.0 = Release|Any CPU
		{B6378842-F715-4BA9-B2BF-79BF1FBD6083}.Ad-Hoc|iPhone.ActiveCfg = Release|Any CPU
		{B6378842-F715-4BA9-B2BF-79BF1FBD6083}.Ad-Hoc|iPhone.Build.0 = Release|Any CPU
		{B6378842-F715-4BA9-B2BF-79BF1FBD6083}.Ad-Hoc|iPhone.Deploy.0 = Release|Any CPU
		{B6378842-F715-4BA9-B2BF-79BF1FBD6083}.Ad-Hoc|iPhoneSimulator.ActiveCfg = Release|Any CPU
		{B6378842-F715-4BA9-B2BF-79BF1FBD6083}.Ad-Hoc|iPhoneSimulator.Build.0 = Release|Any CPU
		{B6378842-F715-4BA9-B2BF-79BF1FBD6083}.Ad-Hoc|iPhoneSimulator.Deploy.0 = Release|Any CPU
		{B6378842-F715-4BA9-B2BF-79BF1FBD6083}.Ad-Hoc|x64.ActiveCfg = Release|Any CPU
		{B6378842-F715-4BA9-B2BF-79BF1FBD6083}.Ad-Hoc|x64.Build.0 = Release|Any CPU
		{B6378842-F715-4BA9-B2BF-79BF1FBD6083}.Ad-Hoc|x64.Deploy.0 = Release|Any CPU
		{B6378842-F715-4BA9-B2BF-79BF1FBD6083}.Ad-Hoc|x86.ActiveCfg = Release|Any CPU
		{B6378842-F715-4BA9-B2BF-79BF1FBD6083}.Ad-Hoc|x86.Build.0 = Release|Any CPU
		{B6378842-F715-4BA9-B2BF-79BF1FBD6083}.Ad-Hoc|x86.Deploy.0 = Release|Any CPU
		{B6378842-F715-4BA9-B2BF-79BF1FBD6083}.AppStore|Any CPU.ActiveCfg = Release|Any CPU
		{B6378842-F715-4BA9-B2BF-79BF1FBD6083}.AppStore|Any CPU.Build.0 = Release|Any CPU
		{B6378842-F715-4BA9-B2BF-79BF1FBD6083}.AppStore|Any CPU.Deploy.0 = Release|Any CPU
		{B6378842-F715-4BA9-B2BF-79BF1FBD6083}.AppStore|ARM.ActiveCfg = Release|Any CPU
		{B6378842-F715-4BA9-B2BF-79BF1FBD6083}.AppStore|ARM.Build.0 = Release|Any CPU
		{B6378842-F715-4BA9-B2BF-79BF1FBD6083}.AppStore|ARM.Deploy.0 = Release|Any CPU
		{B6378842-F715-4BA9-B2BF-79BF1FBD6083}.AppStore|iPhone.ActiveCfg = Release|Any CPU
		{B6378842-F715-4BA9-B2BF-79BF1FBD6083}.AppStore|iPhone.Build.0 = Release|Any CPU
		{B6378842-F715-4BA9-B2BF-79BF1FBD6083}.AppStore|iPhone.Deploy.0 = Release|Any CPU
		{B6378842-F715-4BA9-B2BF-79BF1FBD6083}.AppStore|iPhoneSimulator.ActiveCfg = Release|Any CPU
		{B6378842-F715-4BA9-B2BF-79BF1FBD6083}.AppStore|iPhoneSimulator.Build.0 = Release|Any CPU
		{B6378842-F715-4BA9-B2BF-79BF1FBD6083}.AppStore|iPhoneSimulator.Deploy.0 = Release|Any CPU
		{B6378842-F715-4BA9-B2BF-79BF1FBD6083}.AppStore|x64.ActiveCfg = Release|Any CPU
		{B6378842-F715-4BA9-B2BF-79BF1FBD6083}.AppStore|x64.Build.0 = Release|Any CPU
		{B6378842-F715-4BA9-B2BF-79BF1FBD6083}.AppStore|x64.Deploy.0 = Release|Any CPU
		{B6378842-F715-4BA9-B2BF-79BF1FBD6083}.AppStore|x86.ActiveCfg = Release|Any CPU
		{B6378842-F715-4BA9-B2BF-79BF1FBD6083}.AppStore|x86.Build.0 = Release|Any CPU
		{B6378842-F715-4BA9-B2BF-79BF1FBD6083}.AppStore|x86.Deploy.0 = Release|Any CPU
		{B6378842-F715-4BA9-B2BF-79BF1FBD6083}.Debug|Any CPU.ActiveCfg = Debug|Any CPU
		{B6378842-F715-4BA9-B2BF-79BF1FBD6083}.Debug|Any CPU.Build.0 = Debug|Any CPU
		{B6378842-F715-4BA9-B2BF-79BF1FBD6083}.Debug|Any CPU.Deploy.0 = Debug|Any CPU
		{B6378842-F715-4BA9-B2BF-79BF1FBD6083}.Debug|ARM.ActiveCfg = Debug|Any CPU
		{B6378842-F715-4BA9-B2BF-79BF1FBD6083}.Debug|ARM.Build.0 = Debug|Any CPU
		{B6378842-F715-4BA9-B2BF-79BF1FBD6083}.Debug|ARM.Deploy.0 = Debug|Any CPU
		{B6378842-F715-4BA9-B2BF-79BF1FBD6083}.Debug|iPhone.ActiveCfg = Debug|Any CPU
		{B6378842-F715-4BA9-B2BF-79BF1FBD6083}.Debug|iPhone.Build.0 = Debug|Any CPU
		{B6378842-F715-4BA9-B2BF-79BF1FBD6083}.Debug|iPhone.Deploy.0 = Debug|Any CPU
		{B6378842-F715-4BA9-B2BF-79BF1FBD6083}.Debug|iPhoneSimulator.ActiveCfg = Debug|Any CPU
		{B6378842-F715-4BA9-B2BF-79BF1FBD6083}.Debug|iPhoneSimulator.Build.0 = Debug|Any CPU
		{B6378842-F715-4BA9-B2BF-79BF1FBD6083}.Debug|iPhoneSimulator.Deploy.0 = Debug|Any CPU
		{B6378842-F715-4BA9-B2BF-79BF1FBD6083}.Debug|x64.ActiveCfg = Debug|Any CPU
		{B6378842-F715-4BA9-B2BF-79BF1FBD6083}.Debug|x64.Build.0 = Debug|Any CPU
		{B6378842-F715-4BA9-B2BF-79BF1FBD6083}.Debug|x64.Deploy.0 = Debug|Any CPU
		{B6378842-F715-4BA9-B2BF-79BF1FBD6083}.Debug|x86.ActiveCfg = Debug|Any CPU
		{B6378842-F715-4BA9-B2BF-79BF1FBD6083}.Debug|x86.Build.0 = Debug|Any CPU
		{B6378842-F715-4BA9-B2BF-79BF1FBD6083}.Debug|x86.Deploy.0 = Debug|Any CPU
		{B6378842-F715-4BA9-B2BF-79BF1FBD6083}.Release|Any CPU.ActiveCfg = Release|Any CPU
		{B6378842-F715-4BA9-B2BF-79BF1FBD6083}.Release|Any CPU.Build.0 = Release|Any CPU
		{B6378842-F715-4BA9-B2BF-79BF1FBD6083}.Release|Any CPU.Deploy.0 = Release|Any CPU
		{B6378842-F715-4BA9-B2BF-79BF1FBD6083}.Release|ARM.ActiveCfg = Release|Any CPU
		{B6378842-F715-4BA9-B2BF-79BF1FBD6083}.Release|ARM.Build.0 = Release|Any CPU
		{B6378842-F715-4BA9-B2BF-79BF1FBD6083}.Release|ARM.Deploy.0 = Release|Any CPU
		{B6378842-F715-4BA9-B2BF-79BF1FBD6083}.Release|iPhone.ActiveCfg = Release|Any CPU
		{B6378842-F715-4BA9-B2BF-79BF1FBD6083}.Release|iPhone.Build.0 = Release|Any CPU
		{B6378842-F715-4BA9-B2BF-79BF1FBD6083}.Release|iPhone.Deploy.0 = Release|Any CPU
		{B6378842-F715-4BA9-B2BF-79BF1FBD6083}.Release|iPhoneSimulator.ActiveCfg = Release|Any CPU
		{B6378842-F715-4BA9-B2BF-79BF1FBD6083}.Release|iPhoneSimulator.Build.0 = Release|Any CPU
		{B6378842-F715-4BA9-B2BF-79BF1FBD6083}.Release|iPhoneSimulator.Deploy.0 = Release|Any CPU
		{B6378842-F715-4BA9-B2BF-79BF1FBD6083}.Release|x64.ActiveCfg = Release|Any CPU
		{B6378842-F715-4BA9-B2BF-79BF1FBD6083}.Release|x64.Build.0 = Release|Any CPU
		{B6378842-F715-4BA9-B2BF-79BF1FBD6083}.Release|x64.Deploy.0 = Release|Any CPU
		{B6378842-F715-4BA9-B2BF-79BF1FBD6083}.Release|x86.ActiveCfg = Release|Any CPU
		{B6378842-F715-4BA9-B2BF-79BF1FBD6083}.Release|x86.Build.0 = Release|Any CPU
		{B6378842-F715-4BA9-B2BF-79BF1FBD6083}.Release|x86.Deploy.0 = Release|Any CPU
		{6C904D7A-D6A0-4F62-BE16-8A2E7C58B6D5}.Ad-Hoc|Any CPU.ActiveCfg = Ad-Hoc|iPhone
		{6C904D7A-D6A0-4F62-BE16-8A2E7C58B6D5}.Ad-Hoc|Any CPU.Build.0 = Ad-Hoc|iPhone
		{6C904D7A-D6A0-4F62-BE16-8A2E7C58B6D5}.Ad-Hoc|Any CPU.Deploy.0 = Ad-Hoc|iPhone
		{6C904D7A-D6A0-4F62-BE16-8A2E7C58B6D5}.Ad-Hoc|ARM.ActiveCfg = Ad-Hoc|iPhone
		{6C904D7A-D6A0-4F62-BE16-8A2E7C58B6D5}.Ad-Hoc|ARM.Build.0 = Ad-Hoc|iPhone
		{6C904D7A-D6A0-4F62-BE16-8A2E7C58B6D5}.Ad-Hoc|ARM.Deploy.0 = Ad-Hoc|iPhone
		{6C904D7A-D6A0-4F62-BE16-8A2E7C58B6D5}.Ad-Hoc|iPhone.ActiveCfg = Ad-Hoc|iPhone
		{6C904D7A-D6A0-4F62-BE16-8A2E7C58B6D5}.Ad-Hoc|iPhone.Build.0 = Ad-Hoc|iPhone
		{6C904D7A-D6A0-4F62-BE16-8A2E7C58B6D5}.Ad-Hoc|iPhone.Deploy.0 = Ad-Hoc|iPhone
		{6C904D7A-D6A0-4F62-BE16-8A2E7C58B6D5}.Ad-Hoc|iPhoneSimulator.ActiveCfg = Ad-Hoc|iPhoneSimulator
		{6C904D7A-D6A0-4F62-BE16-8A2E7C58B6D5}.Ad-Hoc|iPhoneSimulator.Build.0 = Ad-Hoc|iPhoneSimulator
		{6C904D7A-D6A0-4F62-BE16-8A2E7C58B6D5}.Ad-Hoc|iPhoneSimulator.Deploy.0 = Ad-Hoc|iPhoneSimulator
		{6C904D7A-D6A0-4F62-BE16-8A2E7C58B6D5}.Ad-Hoc|x64.ActiveCfg = Ad-Hoc|iPhone
		{6C904D7A-D6A0-4F62-BE16-8A2E7C58B6D5}.Ad-Hoc|x64.Build.0 = Ad-Hoc|iPhone
		{6C904D7A-D6A0-4F62-BE16-8A2E7C58B6D5}.Ad-Hoc|x64.Deploy.0 = Ad-Hoc|iPhone
		{6C904D7A-D6A0-4F62-BE16-8A2E7C58B6D5}.Ad-Hoc|x86.ActiveCfg = Ad-Hoc|iPhone
		{6C904D7A-D6A0-4F62-BE16-8A2E7C58B6D5}.Ad-Hoc|x86.Build.0 = Ad-Hoc|iPhone
		{6C904D7A-D6A0-4F62-BE16-8A2E7C58B6D5}.Ad-Hoc|x86.Deploy.0 = Ad-Hoc|iPhone
		{6C904D7A-D6A0-4F62-BE16-8A2E7C58B6D5}.AppStore|Any CPU.ActiveCfg = AppStore|iPhone
		{6C904D7A-D6A0-4F62-BE16-8A2E7C58B6D5}.AppStore|Any CPU.Build.0 = AppStore|iPhone
		{6C904D7A-D6A0-4F62-BE16-8A2E7C58B6D5}.AppStore|Any CPU.Deploy.0 = AppStore|iPhone
		{6C904D7A-D6A0-4F62-BE16-8A2E7C58B6D5}.AppStore|ARM.ActiveCfg = AppStore|iPhone
		{6C904D7A-D6A0-4F62-BE16-8A2E7C58B6D5}.AppStore|ARM.Build.0 = AppStore|iPhone
		{6C904D7A-D6A0-4F62-BE16-8A2E7C58B6D5}.AppStore|ARM.Deploy.0 = AppStore|iPhone
		{6C904D7A-D6A0-4F62-BE16-8A2E7C58B6D5}.AppStore|iPhone.ActiveCfg = AppStore|iPhone
		{6C904D7A-D6A0-4F62-BE16-8A2E7C58B6D5}.AppStore|iPhone.Build.0 = AppStore|iPhone
		{6C904D7A-D6A0-4F62-BE16-8A2E7C58B6D5}.AppStore|iPhone.Deploy.0 = AppStore|iPhone
		{6C904D7A-D6A0-4F62-BE16-8A2E7C58B6D5}.AppStore|iPhoneSimulator.ActiveCfg = AppStore|iPhoneSimulator
		{6C904D7A-D6A0-4F62-BE16-8A2E7C58B6D5}.AppStore|iPhoneSimulator.Build.0 = AppStore|iPhoneSimulator
		{6C904D7A-D6A0-4F62-BE16-8A2E7C58B6D5}.AppStore|iPhoneSimulator.Deploy.0 = AppStore|iPhoneSimulator
		{6C904D7A-D6A0-4F62-BE16-8A2E7C58B6D5}.AppStore|x64.ActiveCfg = AppStore|iPhone
		{6C904D7A-D6A0-4F62-BE16-8A2E7C58B6D5}.AppStore|x64.Build.0 = AppStore|iPhone
		{6C904D7A-D6A0-4F62-BE16-8A2E7C58B6D5}.AppStore|x64.Deploy.0 = AppStore|iPhone
		{6C904D7A-D6A0-4F62-BE16-8A2E7C58B6D5}.AppStore|x86.ActiveCfg = AppStore|iPhone
		{6C904D7A-D6A0-4F62-BE16-8A2E7C58B6D5}.AppStore|x86.Build.0 = AppStore|iPhone
		{6C904D7A-D6A0-4F62-BE16-8A2E7C58B6D5}.AppStore|x86.Deploy.0 = AppStore|iPhone
		{6C904D7A-D6A0-4F62-BE16-8A2E7C58B6D5}.Debug|Any CPU.ActiveCfg = Debug|iPhoneSimulator
		{6C904D7A-D6A0-4F62-BE16-8A2E7C58B6D5}.Debug|Any CPU.Build.0 = Debug|iPhoneSimulator
		{6C904D7A-D6A0-4F62-BE16-8A2E7C58B6D5}.Debug|Any CPU.Deploy.0 = Debug|iPhoneSimulator
		{6C904D7A-D6A0-4F62-BE16-8A2E7C58B6D5}.Debug|ARM.ActiveCfg = Debug|iPhone
		{6C904D7A-D6A0-4F62-BE16-8A2E7C58B6D5}.Debug|ARM.Build.0 = Debug|iPhone
		{6C904D7A-D6A0-4F62-BE16-8A2E7C58B6D5}.Debug|ARM.Deploy.0 = Debug|iPhone
		{6C904D7A-D6A0-4F62-BE16-8A2E7C58B6D5}.Debug|iPhone.ActiveCfg = Debug|iPhone
		{6C904D7A-D6A0-4F62-BE16-8A2E7C58B6D5}.Debug|iPhone.Build.0 = Debug|iPhone
		{6C904D7A-D6A0-4F62-BE16-8A2E7C58B6D5}.Debug|iPhone.Deploy.0 = Debug|iPhone
		{6C904D7A-D6A0-4F62-BE16-8A2E7C58B6D5}.Debug|iPhoneSimulator.ActiveCfg = Debug|iPhoneSimulator
		{6C904D7A-D6A0-4F62-BE16-8A2E7C58B6D5}.Debug|iPhoneSimulator.Build.0 = Debug|iPhoneSimulator
		{6C904D7A-D6A0-4F62-BE16-8A2E7C58B6D5}.Debug|iPhoneSimulator.Deploy.0 = Debug|iPhoneSimulator
		{6C904D7A-D6A0-4F62-BE16-8A2E7C58B6D5}.Debug|x64.ActiveCfg = Debug|iPhone
		{6C904D7A-D6A0-4F62-BE16-8A2E7C58B6D5}.Debug|x64.Build.0 = Debug|iPhone
		{6C904D7A-D6A0-4F62-BE16-8A2E7C58B6D5}.Debug|x64.Deploy.0 = Debug|iPhone
		{6C904D7A-D6A0-4F62-BE16-8A2E7C58B6D5}.Debug|x86.ActiveCfg = Debug|iPhone
		{6C904D7A-D6A0-4F62-BE16-8A2E7C58B6D5}.Debug|x86.Build.0 = Debug|iPhone
		{6C904D7A-D6A0-4F62-BE16-8A2E7C58B6D5}.Debug|x86.Deploy.0 = Debug|iPhone
		{6C904D7A-D6A0-4F62-BE16-8A2E7C58B6D5}.Release|Any CPU.ActiveCfg = Release|iPhone
		{6C904D7A-D6A0-4F62-BE16-8A2E7C58B6D5}.Release|Any CPU.Build.0 = Release|iPhone
		{6C904D7A-D6A0-4F62-BE16-8A2E7C58B6D5}.Release|Any CPU.Deploy.0 = Release|iPhone
		{6C904D7A-D6A0-4F62-BE16-8A2E7C58B6D5}.Release|ARM.ActiveCfg = Release|iPhone
		{6C904D7A-D6A0-4F62-BE16-8A2E7C58B6D5}.Release|ARM.Build.0 = Release|iPhone
		{6C904D7A-D6A0-4F62-BE16-8A2E7C58B6D5}.Release|ARM.Deploy.0 = Release|iPhone
		{6C904D7A-D6A0-4F62-BE16-8A2E7C58B6D5}.Release|iPhone.ActiveCfg = Release|iPhone
		{6C904D7A-D6A0-4F62-BE16-8A2E7C58B6D5}.Release|iPhone.Build.0 = Release|iPhone
		{6C904D7A-D6A0-4F62-BE16-8A2E7C58B6D5}.Release|iPhone.Deploy.0 = Release|iPhone
		{6C904D7A-D6A0-4F62-BE16-8A2E7C58B6D5}.Release|iPhoneSimulator.ActiveCfg = Release|iPhoneSimulator
		{6C904D7A-D6A0-4F62-BE16-8A2E7C58B6D5}.Release|iPhoneSimulator.Build.0 = Release|iPhoneSimulator
		{6C904D7A-D6A0-4F62-BE16-8A2E7C58B6D5}.Release|iPhoneSimulator.Deploy.0 = Release|iPhoneSimulator
		{6C904D7A-D6A0-4F62-BE16-8A2E7C58B6D5}.Release|x64.ActiveCfg = Release|iPhone
		{6C904D7A-D6A0-4F62-BE16-8A2E7C58B6D5}.Release|x64.Build.0 = Release|iPhone
		{6C904D7A-D6A0-4F62-BE16-8A2E7C58B6D5}.Release|x64.Deploy.0 = Release|iPhone
		{6C904D7A-D6A0-4F62-BE16-8A2E7C58B6D5}.Release|x86.ActiveCfg = Release|iPhone
		{6C904D7A-D6A0-4F62-BE16-8A2E7C58B6D5}.Release|x86.Build.0 = Release|iPhone
		{6C904D7A-D6A0-4F62-BE16-8A2E7C58B6D5}.Release|x86.Deploy.0 = Release|iPhone
		{0419DE21-EB1D-48D6-B920-C2809183BADE}.Ad-Hoc|Any CPU.ActiveCfg = Release|x86
		{0419DE21-EB1D-48D6-B920-C2809183BADE}.Ad-Hoc|Any CPU.Build.0 = Release|x86
		{0419DE21-EB1D-48D6-B920-C2809183BADE}.Ad-Hoc|Any CPU.Deploy.0 = Release|x86
		{0419DE21-EB1D-48D6-B920-C2809183BADE}.Ad-Hoc|ARM.ActiveCfg = Release|ARM
		{0419DE21-EB1D-48D6-B920-C2809183BADE}.Ad-Hoc|ARM.Build.0 = Release|ARM
		{0419DE21-EB1D-48D6-B920-C2809183BADE}.Ad-Hoc|ARM.Deploy.0 = Release|ARM
		{0419DE21-EB1D-48D6-B920-C2809183BADE}.Ad-Hoc|iPhone.ActiveCfg = Release|x86
		{0419DE21-EB1D-48D6-B920-C2809183BADE}.Ad-Hoc|iPhone.Build.0 = Release|x86
		{0419DE21-EB1D-48D6-B920-C2809183BADE}.Ad-Hoc|iPhone.Deploy.0 = Release|x86
		{0419DE21-EB1D-48D6-B920-C2809183BADE}.Ad-Hoc|iPhoneSimulator.ActiveCfg = Release|x86
		{0419DE21-EB1D-48D6-B920-C2809183BADE}.Ad-Hoc|iPhoneSimulator.Build.0 = Release|x86
		{0419DE21-EB1D-48D6-B920-C2809183BADE}.Ad-Hoc|iPhoneSimulator.Deploy.0 = Release|x86
		{0419DE21-EB1D-48D6-B920-C2809183BADE}.Ad-Hoc|x64.ActiveCfg = Release|x64
		{0419DE21-EB1D-48D6-B920-C2809183BADE}.Ad-Hoc|x64.Build.0 = Release|x64
		{0419DE21-EB1D-48D6-B920-C2809183BADE}.Ad-Hoc|x64.Deploy.0 = Release|x64
		{0419DE21-EB1D-48D6-B920-C2809183BADE}.Ad-Hoc|x86.ActiveCfg = Release|x86
		{0419DE21-EB1D-48D6-B920-C2809183BADE}.Ad-Hoc|x86.Build.0 = Release|x86
		{0419DE21-EB1D-48D6-B920-C2809183BADE}.Ad-Hoc|x86.Deploy.0 = Release|x86
		{0419DE21-EB1D-48D6-B920-C2809183BADE}.AppStore|Any CPU.ActiveCfg = Release|x86
		{0419DE21-EB1D-48D6-B920-C2809183BADE}.AppStore|Any CPU.Build.0 = Release|x86
		{0419DE21-EB1D-48D6-B920-C2809183BADE}.AppStore|Any CPU.Deploy.0 = Release|x86
		{0419DE21-EB1D-48D6-B920-C2809183BADE}.AppStore|ARM.ActiveCfg = Release|ARM
		{0419DE21-EB1D-48D6-B920-C2809183BADE}.AppStore|ARM.Build.0 = Release|ARM
		{0419DE21-EB1D-48D6-B920-C2809183BADE}.AppStore|ARM.Deploy.0 = Release|ARM
		{0419DE21-EB1D-48D6-B920-C2809183BADE}.AppStore|iPhone.ActiveCfg = Release|x86
		{0419DE21-EB1D-48D6-B920-C2809183BADE}.AppStore|iPhone.Build.0 = Release|x86
		{0419DE21-EB1D-48D6-B920-C2809183BADE}.AppStore|iPhone.Deploy.0 = Release|x86
		{0419DE21-EB1D-48D6-B920-C2809183BADE}.AppStore|iPhoneSimulator.ActiveCfg = Release|x86
		{0419DE21-EB1D-48D6-B920-C2809183BADE}.AppStore|iPhoneSimulator.Build.0 = Release|x86
		{0419DE21-EB1D-48D6-B920-C2809183BADE}.AppStore|iPhoneSimulator.Deploy.0 = Release|x86
		{0419DE21-EB1D-48D6-B920-C2809183BADE}.AppStore|x64.ActiveCfg = Release|x64
		{0419DE21-EB1D-48D6-B920-C2809183BADE}.AppStore|x64.Build.0 = Release|x64
		{0419DE21-EB1D-48D6-B920-C2809183BADE}.AppStore|x64.Deploy.0 = Release|x64
		{0419DE21-EB1D-48D6-B920-C2809183BADE}.AppStore|x86.ActiveCfg = Release|x86
		{0419DE21-EB1D-48D6-B920-C2809183BADE}.AppStore|x86.Build.0 = Release|x86
		{0419DE21-EB1D-48D6-B920-C2809183BADE}.AppStore|x86.Deploy.0 = Release|x86
		{0419DE21-EB1D-48D6-B920-C2809183BADE}.Debug|Any CPU.ActiveCfg = Debug|x86
		{0419DE21-EB1D-48D6-B920-C2809183BADE}.Debug|Any CPU.Build.0 = Debug|x86
		{0419DE21-EB1D-48D6-B920-C2809183BADE}.Debug|Any CPU.Deploy.0 = Debug|x86
		{0419DE21-EB1D-48D6-B920-C2809183BADE}.Debug|ARM.ActiveCfg = Debug|ARM
		{0419DE21-EB1D-48D6-B920-C2809183BADE}.Debug|ARM.Build.0 = Debug|ARM
		{0419DE21-EB1D-48D6-B920-C2809183BADE}.Debug|ARM.Deploy.0 = Debug|ARM
		{0419DE21-EB1D-48D6-B920-C2809183BADE}.Debug|iPhone.ActiveCfg = Debug|x86
		{0419DE21-EB1D-48D6-B920-C2809183BADE}.Debug|iPhone.Build.0 = Debug|x86
		{0419DE21-EB1D-48D6-B920-C2809183BADE}.Debug|iPhone.Deploy.0 = Debug|x86
		{0419DE21-EB1D-48D6-B920-C2809183BADE}.Debug|iPhoneSimulator.ActiveCfg = Debug|x86
		{0419DE21-EB1D-48D6-B920-C2809183BADE}.Debug|iPhoneSimulator.Build.0 = Debug|x86
		{0419DE21-EB1D-48D6-B920-C2809183BADE}.Debug|iPhoneSimulator.Deploy.0 = Debug|x86
		{0419DE21-EB1D-48D6-B920-C2809183BADE}.Debug|x64.ActiveCfg = Debug|x64
		{0419DE21-EB1D-48D6-B920-C2809183BADE}.Debug|x64.Build.0 = Debug|x64
		{0419DE21-EB1D-48D6-B920-C2809183BADE}.Debug|x64.Deploy.0 = Debug|x64
		{0419DE21-EB1D-48D6-B920-C2809183BADE}.Debug|x86.ActiveCfg = Debug|x86
		{0419DE21-EB1D-48D6-B920-C2809183BADE}.Debug|x86.Build.0 = Debug|x86
		{0419DE21-EB1D-48D6-B920-C2809183BADE}.Debug|x86.Deploy.0 = Debug|x86
		{0419DE21-EB1D-48D6-B920-C2809183BADE}.Release|Any CPU.ActiveCfg = Release|x86
		{0419DE21-EB1D-48D6-B920-C2809183BADE}.Release|Any CPU.Build.0 = Release|x86
		{0419DE21-EB1D-48D6-B920-C2809183BADE}.Release|Any CPU.Deploy.0 = Release|x86
		{0419DE21-EB1D-48D6-B920-C2809183BADE}.Release|ARM.ActiveCfg = Release|ARM
		{0419DE21-EB1D-48D6-B920-C2809183BADE}.Release|ARM.Build.0 = Release|ARM
		{0419DE21-EB1D-48D6-B920-C2809183BADE}.Release|ARM.Deploy.0 = Release|ARM
		{0419DE21-EB1D-48D6-B920-C2809183BADE}.Release|iPhone.ActiveCfg = Release|x86
		{0419DE21-EB1D-48D6-B920-C2809183BADE}.Release|iPhone.Build.0 = Release|x86
		{0419DE21-EB1D-48D6-B920-C2809183BADE}.Release|iPhone.Deploy.0 = Release|x86
		{0419DE21-EB1D-48D6-B920-C2809183BADE}.Release|iPhoneSimulator.ActiveCfg = Release|x86
		{0419DE21-EB1D-48D6-B920-C2809183BADE}.Release|iPhoneSimulator.Build.0 = Release|x86
		{0419DE21-EB1D-48D6-B920-C2809183BADE}.Release|iPhoneSimulator.Deploy.0 = Release|x86
		{0419DE21-EB1D-48D6-B920-C2809183BADE}.Release|x64.ActiveCfg = Release|x64
		{0419DE21-EB1D-48D6-B920-C2809183BADE}.Release|x64.Build.0 = Release|x64
		{0419DE21-EB1D-48D6-B920-C2809183BADE}.Release|x64.Deploy.0 = Release|x64
		{0419DE21-EB1D-48D6-B920-C2809183BADE}.Release|x86.ActiveCfg = Release|x86
		{0419DE21-EB1D-48D6-B920-C2809183BADE}.Release|x86.Build.0 = Release|x86
		{0419DE21-EB1D-48D6-B920-C2809183BADE}.Release|x86.Deploy.0 = Release|x86
		{EB6740E4-59DD-406F-B5DC-D800BBDE1A2A}.Ad-Hoc|Any CPU.ActiveCfg = Debug|Any CPU
		{EB6740E4-59DD-406F-B5DC-D800BBDE1A2A}.Ad-Hoc|Any CPU.Build.0 = Debug|Any CPU
		{EB6740E4-59DD-406F-B5DC-D800BBDE1A2A}.Ad-Hoc|Any CPU.Deploy.0 = Debug|Any CPU
		{EB6740E4-59DD-406F-B5DC-D800BBDE1A2A}.Ad-Hoc|ARM.ActiveCfg = Debug|Any CPU
		{EB6740E4-59DD-406F-B5DC-D800BBDE1A2A}.Ad-Hoc|ARM.Build.0 = Debug|Any CPU
		{EB6740E4-59DD-406F-B5DC-D800BBDE1A2A}.Ad-Hoc|ARM.Deploy.0 = Debug|Any CPU
		{EB6740E4-59DD-406F-B5DC-D800BBDE1A2A}.Ad-Hoc|iPhone.ActiveCfg = Debug|Any CPU
		{EB6740E4-59DD-406F-B5DC-D800BBDE1A2A}.Ad-Hoc|iPhone.Build.0 = Debug|Any CPU
		{EB6740E4-59DD-406F-B5DC-D800BBDE1A2A}.Ad-Hoc|iPhone.Deploy.0 = Debug|Any CPU
		{EB6740E4-59DD-406F-B5DC-D800BBDE1A2A}.Ad-Hoc|iPhoneSimulator.ActiveCfg = Debug|Any CPU
		{EB6740E4-59DD-406F-B5DC-D800BBDE1A2A}.Ad-Hoc|iPhoneSimulator.Build.0 = Debug|Any CPU
		{EB6740E4-59DD-406F-B5DC-D800BBDE1A2A}.Ad-Hoc|iPhoneSimulator.Deploy.0 = Debug|Any CPU
		{EB6740E4-59DD-406F-B5DC-D800BBDE1A2A}.Ad-Hoc|x64.ActiveCfg = Debug|Any CPU
		{EB6740E4-59DD-406F-B5DC-D800BBDE1A2A}.Ad-Hoc|x64.Build.0 = Debug|Any CPU
		{EB6740E4-59DD-406F-B5DC-D800BBDE1A2A}.Ad-Hoc|x64.Deploy.0 = Debug|Any CPU
		{EB6740E4-59DD-406F-B5DC-D800BBDE1A2A}.Ad-Hoc|x86.ActiveCfg = Debug|Any CPU
		{EB6740E4-59DD-406F-B5DC-D800BBDE1A2A}.Ad-Hoc|x86.Build.0 = Debug|Any CPU
		{EB6740E4-59DD-406F-B5DC-D800BBDE1A2A}.Ad-Hoc|x86.Deploy.0 = Debug|Any CPU
		{EB6740E4-59DD-406F-B5DC-D800BBDE1A2A}.AppStore|Any CPU.ActiveCfg = Debug|Any CPU
		{EB6740E4-59DD-406F-B5DC-D800BBDE1A2A}.AppStore|Any CPU.Build.0 = Debug|Any CPU
		{EB6740E4-59DD-406F-B5DC-D800BBDE1A2A}.AppStore|Any CPU.Deploy.0 = Debug|Any CPU
		{EB6740E4-59DD-406F-B5DC-D800BBDE1A2A}.AppStore|ARM.ActiveCfg = Debug|Any CPU
		{EB6740E4-59DD-406F-B5DC-D800BBDE1A2A}.AppStore|ARM.Build.0 = Debug|Any CPU
		{EB6740E4-59DD-406F-B5DC-D800BBDE1A2A}.AppStore|ARM.Deploy.0 = Debug|Any CPU
		{EB6740E4-59DD-406F-B5DC-D800BBDE1A2A}.AppStore|iPhone.ActiveCfg = Debug|Any CPU
		{EB6740E4-59DD-406F-B5DC-D800BBDE1A2A}.AppStore|iPhone.Build.0 = Debug|Any CPU
		{EB6740E4-59DD-406F-B5DC-D800BBDE1A2A}.AppStore|iPhone.Deploy.0 = Debug|Any CPU
		{EB6740E4-59DD-406F-B5DC-D800BBDE1A2A}.AppStore|iPhoneSimulator.ActiveCfg = Debug|Any CPU
		{EB6740E4-59DD-406F-B5DC-D800BBDE1A2A}.AppStore|iPhoneSimulator.Build.0 = Debug|Any CPU
		{EB6740E4-59DD-406F-B5DC-D800BBDE1A2A}.AppStore|iPhoneSimulator.Deploy.0 = Debug|Any CPU
		{EB6740E4-59DD-406F-B5DC-D800BBDE1A2A}.AppStore|x64.ActiveCfg = Debug|Any CPU
		{EB6740E4-59DD-406F-B5DC-D800BBDE1A2A}.AppStore|x64.Build.0 = Debug|Any CPU
		{EB6740E4-59DD-406F-B5DC-D800BBDE1A2A}.AppStore|x64.Deploy.0 = Debug|Any CPU
		{EB6740E4-59DD-406F-B5DC-D800BBDE1A2A}.AppStore|x86.ActiveCfg = Debug|Any CPU
		{EB6740E4-59DD-406F-B5DC-D800BBDE1A2A}.AppStore|x86.Build.0 = Debug|Any CPU
		{EB6740E4-59DD-406F-B5DC-D800BBDE1A2A}.AppStore|x86.Deploy.0 = Debug|Any CPU
		{EB6740E4-59DD-406F-B5DC-D800BBDE1A2A}.Debug|Any CPU.ActiveCfg = Debug|Any CPU
		{EB6740E4-59DD-406F-B5DC-D800BBDE1A2A}.Debug|Any CPU.Build.0 = Debug|Any CPU
		{EB6740E4-59DD-406F-B5DC-D800BBDE1A2A}.Debug|Any CPU.Deploy.0 = Debug|Any CPU
		{EB6740E4-59DD-406F-B5DC-D800BBDE1A2A}.Debug|ARM.ActiveCfg = Debug|Any CPU
		{EB6740E4-59DD-406F-B5DC-D800BBDE1A2A}.Debug|ARM.Build.0 = Debug|Any CPU
		{EB6740E4-59DD-406F-B5DC-D800BBDE1A2A}.Debug|ARM.Deploy.0 = Debug|Any CPU
		{EB6740E4-59DD-406F-B5DC-D800BBDE1A2A}.Debug|iPhone.ActiveCfg = Debug|Any CPU
		{EB6740E4-59DD-406F-B5DC-D800BBDE1A2A}.Debug|iPhone.Build.0 = Debug|Any CPU
		{EB6740E4-59DD-406F-B5DC-D800BBDE1A2A}.Debug|iPhone.Deploy.0 = Debug|Any CPU
		{EB6740E4-59DD-406F-B5DC-D800BBDE1A2A}.Debug|iPhoneSimulator.ActiveCfg = Debug|Any CPU
		{EB6740E4-59DD-406F-B5DC-D800BBDE1A2A}.Debug|iPhoneSimulator.Build.0 = Debug|Any CPU
		{EB6740E4-59DD-406F-B5DC-D800BBDE1A2A}.Debug|iPhoneSimulator.Deploy.0 = Debug|Any CPU
		{EB6740E4-59DD-406F-B5DC-D800BBDE1A2A}.Debug|x64.ActiveCfg = Debug|Any CPU
		{EB6740E4-59DD-406F-B5DC-D800BBDE1A2A}.Debug|x64.Build.0 = Debug|Any CPU
		{EB6740E4-59DD-406F-B5DC-D800BBDE1A2A}.Debug|x64.Deploy.0 = Debug|Any CPU
		{EB6740E4-59DD-406F-B5DC-D800BBDE1A2A}.Debug|x86.ActiveCfg = Debug|Any CPU
		{EB6740E4-59DD-406F-B5DC-D800BBDE1A2A}.Debug|x86.Build.0 = Debug|Any CPU
		{EB6740E4-59DD-406F-B5DC-D800BBDE1A2A}.Debug|x86.Deploy.0 = Debug|Any CPU
		{EB6740E4-59DD-406F-B5DC-D800BBDE1A2A}.Release|Any CPU.ActiveCfg = Release|Any CPU
		{EB6740E4-59DD-406F-B5DC-D800BBDE1A2A}.Release|Any CPU.Build.0 = Release|Any CPU
		{EB6740E4-59DD-406F-B5DC-D800BBDE1A2A}.Release|Any CPU.Deploy.0 = Release|Any CPU
		{EB6740E4-59DD-406F-B5DC-D800BBDE1A2A}.Release|ARM.ActiveCfg = Release|Any CPU
		{EB6740E4-59DD-406F-B5DC-D800BBDE1A2A}.Release|ARM.Build.0 = Release|Any CPU
		{EB6740E4-59DD-406F-B5DC-D800BBDE1A2A}.Release|ARM.Deploy.0 = Release|Any CPU
		{EB6740E4-59DD-406F-B5DC-D800BBDE1A2A}.Release|iPhone.ActiveCfg = Release|Any CPU
		{EB6740E4-59DD-406F-B5DC-D800BBDE1A2A}.Release|iPhone.Build.0 = Release|Any CPU
		{EB6740E4-59DD-406F-B5DC-D800BBDE1A2A}.Release|iPhone.Deploy.0 = Release|Any CPU
		{EB6740E4-59DD-406F-B5DC-D800BBDE1A2A}.Release|iPhoneSimulator.ActiveCfg = Release|Any CPU
		{EB6740E4-59DD-406F-B5DC-D800BBDE1A2A}.Release|iPhoneSimulator.Build.0 = Release|Any CPU
		{EB6740E4-59DD-406F-B5DC-D800BBDE1A2A}.Release|iPhoneSimulator.Deploy.0 = Release|Any CPU
		{EB6740E4-59DD-406F-B5DC-D800BBDE1A2A}.Release|x64.ActiveCfg = Release|Any CPU
		{EB6740E4-59DD-406F-B5DC-D800BBDE1A2A}.Release|x64.Build.0 = Release|Any CPU
		{EB6740E4-59DD-406F-B5DC-D800BBDE1A2A}.Release|x64.Deploy.0 = Release|Any CPU
		{EB6740E4-59DD-406F-B5DC-D800BBDE1A2A}.Release|x86.ActiveCfg = Release|Any CPU
		{EB6740E4-59DD-406F-B5DC-D800BBDE1A2A}.Release|x86.Build.0 = Release|Any CPU
		{EB6740E4-59DD-406F-B5DC-D800BBDE1A2A}.Release|x86.Deploy.0 = Release|Any CPU
		{7E21CFE0-8067-4BC1-A350-3DF3DC65492C}.Ad-Hoc|Any CPU.ActiveCfg = Release|Any CPU
		{7E21CFE0-8067-4BC1-A350-3DF3DC65492C}.Ad-Hoc|Any CPU.Build.0 = Release|Any CPU
		{7E21CFE0-8067-4BC1-A350-3DF3DC65492C}.Ad-Hoc|ARM.ActiveCfg = Release|Any CPU
		{7E21CFE0-8067-4BC1-A350-3DF3DC65492C}.Ad-Hoc|ARM.Build.0 = Release|Any CPU
		{7E21CFE0-8067-4BC1-A350-3DF3DC65492C}.Ad-Hoc|iPhone.ActiveCfg = Release|Any CPU
		{7E21CFE0-8067-4BC1-A350-3DF3DC65492C}.Ad-Hoc|iPhone.Build.0 = Release|Any CPU
		{7E21CFE0-8067-4BC1-A350-3DF3DC65492C}.Ad-Hoc|iPhoneSimulator.ActiveCfg = Release|Any CPU
		{7E21CFE0-8067-4BC1-A350-3DF3DC65492C}.Ad-Hoc|iPhoneSimulator.Build.0 = Release|Any CPU
		{7E21CFE0-8067-4BC1-A350-3DF3DC65492C}.Ad-Hoc|x64.ActiveCfg = Release|Any CPU
		{7E21CFE0-8067-4BC1-A350-3DF3DC65492C}.Ad-Hoc|x64.Build.0 = Release|Any CPU
		{7E21CFE0-8067-4BC1-A350-3DF3DC65492C}.Ad-Hoc|x86.ActiveCfg = Release|Any CPU
		{7E21CFE0-8067-4BC1-A350-3DF3DC65492C}.Ad-Hoc|x86.Build.0 = Release|Any CPU
		{7E21CFE0-8067-4BC1-A350-3DF3DC65492C}.AppStore|Any CPU.ActiveCfg = Release|Any CPU
		{7E21CFE0-8067-4BC1-A350-3DF3DC65492C}.AppStore|Any CPU.Build.0 = Release|Any CPU
		{7E21CFE0-8067-4BC1-A350-3DF3DC65492C}.AppStore|ARM.ActiveCfg = Release|Any CPU
		{7E21CFE0-8067-4BC1-A350-3DF3DC65492C}.AppStore|ARM.Build.0 = Release|Any CPU
		{7E21CFE0-8067-4BC1-A350-3DF3DC65492C}.AppStore|iPhone.ActiveCfg = Release|Any CPU
		{7E21CFE0-8067-4BC1-A350-3DF3DC65492C}.AppStore|iPhone.Build.0 = Release|Any CPU
		{7E21CFE0-8067-4BC1-A350-3DF3DC65492C}.AppStore|iPhoneSimulator.ActiveCfg = Release|Any CPU
		{7E21CFE0-8067-4BC1-A350-3DF3DC65492C}.AppStore|iPhoneSimulator.Build.0 = Release|Any CPU
		{7E21CFE0-8067-4BC1-A350-3DF3DC65492C}.AppStore|x64.ActiveCfg = Release|Any CPU
		{7E21CFE0-8067-4BC1-A350-3DF3DC65492C}.AppStore|x64.Build.0 = Release|Any CPU
		{7E21CFE0-8067-4BC1-A350-3DF3DC65492C}.AppStore|x86.ActiveCfg = Release|Any CPU
		{7E21CFE0-8067-4BC1-A350-3DF3DC65492C}.AppStore|x86.Build.0 = Release|Any CPU
		{7E21CFE0-8067-4BC1-A350-3DF3DC65492C}.Debug|Any CPU.ActiveCfg = Debug|Any CPU
		{7E21CFE0-8067-4BC1-A350-3DF3DC65492C}.Debug|Any CPU.Build.0 = Debug|Any CPU
		{7E21CFE0-8067-4BC1-A350-3DF3DC65492C}.Debug|ARM.ActiveCfg = Debug|Any CPU
		{7E21CFE0-8067-4BC1-A350-3DF3DC65492C}.Debug|ARM.Build.0 = Debug|Any CPU
		{7E21CFE0-8067-4BC1-A350-3DF3DC65492C}.Debug|iPhone.ActiveCfg = Debug|Any CPU
		{7E21CFE0-8067-4BC1-A350-3DF3DC65492C}.Debug|iPhone.Build.0 = Debug|Any CPU
		{7E21CFE0-8067-4BC1-A350-3DF3DC65492C}.Debug|iPhoneSimulator.ActiveCfg = Debug|Any CPU
		{7E21CFE0-8067-4BC1-A350-3DF3DC65492C}.Debug|iPhoneSimulator.Build.0 = Debug|Any CPU
		{7E21CFE0-8067-4BC1-A350-3DF3DC65492C}.Debug|x64.ActiveCfg = Debug|Any CPU
		{7E21CFE0-8067-4BC1-A350-3DF3DC65492C}.Debug|x64.Build.0 = Debug|Any CPU
		{7E21CFE0-8067-4BC1-A350-3DF3DC65492C}.Debug|x86.ActiveCfg = Debug|Any CPU
		{7E21CFE0-8067-4BC1-A350-3DF3DC65492C}.Debug|x86.Build.0 = Debug|Any CPU
		{7E21CFE0-8067-4BC1-A350-3DF3DC65492C}.Release|Any CPU.ActiveCfg = Release|Any CPU
		{7E21CFE0-8067-4BC1-A350-3DF3DC65492C}.Release|Any CPU.Build.0 = Release|Any CPU
		{7E21CFE0-8067-4BC1-A350-3DF3DC65492C}.Release|ARM.ActiveCfg = Release|Any CPU
		{7E21CFE0-8067-4BC1-A350-3DF3DC65492C}.Release|ARM.Build.0 = Release|Any CPU
		{7E21CFE0-8067-4BC1-A350-3DF3DC65492C}.Release|iPhone.ActiveCfg = Release|Any CPU
		{7E21CFE0-8067-4BC1-A350-3DF3DC65492C}.Release|iPhone.Build.0 = Release|Any CPU
		{7E21CFE0-8067-4BC1-A350-3DF3DC65492C}.Release|iPhoneSimulator.ActiveCfg = Release|Any CPU
		{7E21CFE0-8067-4BC1-A350-3DF3DC65492C}.Release|iPhoneSimulator.Build.0 = Release|Any CPU
		{7E21CFE0-8067-4BC1-A350-3DF3DC65492C}.Release|x64.ActiveCfg = Release|Any CPU
		{7E21CFE0-8067-4BC1-A350-3DF3DC65492C}.Release|x64.Build.0 = Release|Any CPU
		{7E21CFE0-8067-4BC1-A350-3DF3DC65492C}.Release|x86.ActiveCfg = Release|Any CPU
		{7E21CFE0-8067-4BC1-A350-3DF3DC65492C}.Release|x86.Build.0 = Release|Any CPU
	EndGlobalSection
	GlobalSection(SolutionProperties) = preSolution
		HideSolutionNode = FALSE
	EndGlobalSection
	GlobalSection(ExtensibilityGlobals) = postSolution
		SolutionGuid = {FAF7F6B7-D2FB-4473-A87E-8AC5AF0F3FDB}
	EndGlobalSection
EndGlobal
